#
# This file is autogenerated by pip-compile with Python 3.10
# by the following command:
#
#    pip-compile --output-file=requirements.lock --strip-extras requirements.in
#
annotated-types==0.7.0
    # via pydantic
beautifulsoup4==4.14.3
    # via
    #   -r requirements.in
    #   yfinance
certifi==2026.4.22
    # via
    #   curl-cffi
    #   requests
cffi==2.0.0
    # via curl-cffi
charset-normalizer==3.4.7
    # via requests
curl-cffi==0.15.0
    # via yfinance
dnspython==2.8.0
    # via email-validator
email-validator==2.3.0
    # via -r requirements.in
frozendict==2.4.7
    # via yfinance
idna==3.15
    # via
    #   email-validator
    #   requests
jinja2==3.1.6
    # via -r requirements.in
lxml==5.4.0
    # via -r requirements.in
markdown-it-py==4.2.0
    # via rich
markupsafe==3.0.3
    # via jinja2
mdurl==0.1.2
    # via markdown-it-py
multitasking==0.0.13
    # via yfinance
numpy==2.2.6
    # via
    #   -r requirements.in
    #   pandas
    #   yfinance
pandas==2.3.3
    # via
    #   -r requirements.in
    #   yfinance
peewee==4.0.5
    # via yfinance
platformdirs==4.9.6
    # via yfinance
protobuf==7.34.1
    # via yfinance
pyarrow==19.0.1
    # via -r requirements.in
pycparser==3.0
    # via cffi
pydantic==2.13.4
    # via
    #   -r requirements.in
    #   pydantic-settings
pydantic-core==2.46.4
    # via pydantic
pydantic-settings==2.14.1
    # via -r requirements.in
pygments==2.20.0
    # via rich
python-dateutil==2.9.0.post0
    # via pandas
python-dotenv==1.2.2
    # via pydantic-settings
pytz==2026.2
    # via
    #   pandas
    #   yfinance
requests==2.34.2
    # via
    #   -r requirements.in
    #   yfinance
rich==15.0.0
    # via curl-cffi
six==1.17.0
    # via python-dateutil
soupsieve==2.8.3
    # via beautifulsoup4
tenacity==9.1.4
    # via -r requirements.in
typing-extensions==4.15.0
    # via
    #   beautifulsoup4
    #   pydantic
    #   pydantic-core
    #   typing-inspection
typing-inspection==0.4.2
    # via
    #   pydantic
    #   pydantic-settings
tzdata==2026.2
    # via pandas
urllib3==2.7.0
    # via requests
websockets==16.0
    # via yfinance
yfinance==0.2.66
    # via -r requirements.in
